// !$*UTF8*$!
{
	archiveVersion = 1;
	classes = {
	};
	objectVersion = 51;
	objects = {

/* Begin PBXBuildFile section */
		780AB350269C5E1E003BD7C9 /* NewsTableViewController.swift in Sources */ = {isa = PBXBuildFile; fileRef = 780AB34F269C5E1E003BD7C9 /* NewsTableViewController.swift */; };
		780AB358269C7977003BD7C9 /* NewsTableViewCell.swift in Sources */ = {isa = PBXBuildFile; fileRef = 780AB356269C7977003BD7C9 /* NewsTableViewCell.swift */; };
		780AB359269C7977003BD7C9 /* NewsTableViewCell.xib in Resources */ = {isa = PBXBuildFile; fileRef = 780AB357269C7977003BD7C9 /* NewsTableViewCell.xib */; };
		781796AF26A6CEF100413317 /* ComparisonViewModel.swift in Sources */ = {isa = PBXBuildFile; fileRef = 781796AE26A6CEF100413317 /* ComparisonViewModel.swift */; };
		781796B126A6DF0000413317 /* PredictViewModel.swift in Sources */ = {isa = PBXBuildFile; fileRef = 781796B026A6DF0000413317 /* PredictViewModel.swift */; };
		784B13C226985C4500453A1A /* Constants.swift in Sources */ = {isa = PBXBuildFile; fileRef = 784B13C126985C4500453A1A /* Constants.swift */; };
		7871481B268F13C5001CB255 /* BitcoinAPI.swift in Sources */ = {isa = PBXBuildFile; fileRef = 7871481A268F13C5001CB255 /* BitcoinAPI.swift */; };
		78817812269DB268003F18C1 /* UserAlerts.swift in Sources */ = {isa = PBXBuildFile; fileRef = 78817811269DB268003F18C1 /* UserAlerts.swift */; };
		7881AD07268DF1D800C319CF /* AppDelegate.swift in Sources */ = {isa = PBXBuildFile; fileRef = 7881AD06268DF1D800C319CF /* AppDelegate.swift */; };
		7881AD09268DF1D800C319CF /* SceneDelegate.swift in Sources */ = {isa = PBXBuildFile; fileRef = 7881AD08268DF1D800C319CF /* SceneDelegate.swift */; };
		7881AD10268DF1DB00C319CF /* Assets.xcassets in Resources */ = {isa = PBXBuildFile; fileRef = 7881AD0F268DF1DB00C319CF /* Assets.xcassets */; };
		7881AD13268DF1DB00C319CF /* LaunchScreen.storyboard in Resources */ = {isa = PBXBuildFile; fileRef = 7881AD11268DF1DB00C319CF /* LaunchScreen.storyboard */; };
		7881AD1E268DF1DB00C319CF /* BitCoinPredictorTests.swift in Sources */ = {isa = PBXBuildFile; fileRef = 7881AD1D268DF1DB00C319CF /* BitCoinPredictorTests.swift */; };
		7881AD3C268DF55F00C319CF /* Main.storyboard in Resources */ = {isa = PBXBuildFile; fileRef = 7881AD3B268DF55F00C319CF /* Main.storyboard */; };
		7881AD42268DF64B00C319CF /* DateFormat.swift in Sources */ = {isa = PBXBuildFile; fileRef = 7881AD3D268DF64800C319CF /* DateFormat.swift */; };
		7881AD43268DF64B00C319CF /* ComparisonViewController.swift in Sources */ = {isa = PBXBuildFile; fileRef = 7881AD3E268DF64900C319CF /* ComparisonViewController.swift */; };
		7881AD44268DF64B00C319CF /* PredictViewController.swift in Sources */ = {isa = PBXBuildFile; fileRef = 7881AD3F268DF64900C319CF /* PredictViewController.swift */; };
		7881AD45268DF64B00C319CF /* HomeViewController.swift in Sources */ = {isa = PBXBuildFile; fileRef = 7881AD40268DF64A00C319CF /* HomeViewController.swift */; };
		7881AD49268DF65D00C319CF /* APIManager.swift in Sources */ = {isa = PBXBuildFile; fileRef = 7881AD47268DF65C00C319CF /* APIManager.swift */; };
		7881AD4A268DF65D00C319CF /* PriceList.swift in Sources */ = {isa = PBXBuildFile; fileRef = 7881AD48268DF65D00C319CF /* PriceList.swift */; };
		7881AD4C268DF74100C319CF /* DatabaseManager.swift in Sources */ = {isa = PBXBuildFile; fileRef = 7881AD4B268DF74100C319CF /* DatabaseManager.swift */; };
		7881AD4E268DFB4B00C319CF /* GoogleService-Info.plist in Resources */ = {isa = PBXBuildFile; fileRef = 7881AD4D268DFB4B00C319CF /* GoogleService-Info.plist */; };
		789F756B26A040D100A01183 /* NewsList.swift in Sources */ = {isa = PBXBuildFile; fileRef = 789F756A26A040D100A01183 /* NewsList.swift */; };
		789F756D26A0472800A01183 /* NewsTableModel.swift in Sources */ = {isa = PBXBuildFile; fileRef = 789F756C26A0472800A01183 /* NewsTableModel.swift */; };
		789F756F26A048A400A01183 /* PriceListModel.swift in Sources */ = {isa = PBXBuildFile; fileRef = 789F756E26A048A400A01183 /* PriceListModel.swift */; };
		78C16B6326A0590900E49A9F /* PredictedPriceData.swift in Sources */ = {isa = PBXBuildFile; fileRef = 78C16B6226A0590900E49A9F /* PredictedPriceData.swift */; };
		78C16B6526A0636000E49A9F /* WelcomeViewController.swift in Sources */ = {isa = PBXBuildFile; fileRef = 78C16B6426A0636000E49A9F /* WelcomeViewController.swift */; };
		78C16B6726A0636E00E49A9F /* LoginViewController.swift in Sources */ = {isa = PBXBuildFile; fileRef = 78C16B6626A0636E00E49A9F /* LoginViewController.swift */; };
		78C16B6926A0637D00E49A9F /* RegisterViewController.swift in Sources */ = {isa = PBXBuildFile; fileRef = 78C16B6826A0637D00E49A9F /* RegisterViewController.swift */; };
		78E5146126A5F9B2004B9F71 /* HomeViewModel.swift in Sources */ = {isa = PBXBuildFile; fileRef = 78E5146026A5F9B2004B9F71 /* HomeViewModel.swift */; };
		9BF1C014C11E191D29D0EC1F /* Pods_BitCoinPredictor.framework in Frameworks */ = {isa = PBXBuildFile; fileRef = C2568784E3D81D7F5363B616 /* Pods_BitCoinPredictor.framework */; };
		CFDAEADDDBE14873905DCB89 /* Pods_BitCoinPredictorTests.framework in Frameworks */ = {isa = PBXBuildFile; fileRef = 0339AEE8114E31AC939E1E59 /* Pods_BitCoinPredictorTests.framework */; };
/* End PBXBuildFile section */

/* Begin PBXContainerItemProxy section */
		7881AD1A268DF1DB00C319CF /* PBXContainerItemProxy */ = {
			isa = PBXContainerItemProxy;
			containerPortal = 7881ACFB268DF1D800C319CF /* Project object */;
			proxyType = 1;
			remoteGlobalIDString = 7881AD02268DF1D800C319CF;
			remoteInfo = BitCoinPredictor;
		};
/* End PBXContainerItemProxy section */

/* Begin PBXFileReference section */
		0339AEE8114E31AC939E1E59 /* Pods_BitCoinPredictorTests.framework */ = {isa = PBXFileReference; explicitFileType = wrapper.framework; includeInIndex = 0; path = Pods_BitCoinPredictorTests.framework; sourceTree = BUILT_PRODUCTS_DIR; };
		4B1525879CF42BCB68AE2EC3 /* Pods-BitCoinPredictorTests.release.xcconfig */ = {isa = PBXFileReference; includeInIndex = 1; lastKnownFileType = text.xcconfig; name = "Pods-BitCoinPredictorTests.release.xcconfig"; path = "Target Support Files/Pods-BitCoinPredictorTests/Pods-BitCoinPredictorTests.release.xcconfig"; sourceTree = "<group>"; };
		780AB34F269C5E1E003BD7C9 /* NewsTableViewController.swift */ = {isa = PBXFileReference; lastKnownFileType = sourcecode.swift; path = NewsTableViewController.swift; sourceTree = "<group>"; };
		780AB356269C7977003BD7C9 /* NewsTableViewCell.swift */ = {isa = PBXFileReference; lastKnownFileType = sourcecode.swift; path = NewsTableViewCell.swift; sourceTree = "<group>"; };
		780AB357269C7977003BD7C9 /* NewsTableViewCell.xib */ = {isa = PBXFileReference; lastKnownFileType = file.xib; path = NewsTableViewCell.xib; sourceTree = "<group>"; };
		781796AE26A6CEF100413317 /* ComparisonViewModel.swift */ = {isa = PBXFileReference; lastKnownFileType = sourcecode.swift; path = ComparisonViewModel.swift; sourceTree = "<group>"; };
		781796B026A6DF0000413317 /* PredictViewModel.swift */ = {isa = PBXFileReference; lastKnownFileType = sourcecode.swift; path = PredictViewModel.swift; sourceTree = "<group>"; };
		784B13C126985C4500453A1A /* Constants.swift */ = {isa = PBXFileReference; lastKnownFileType = sourcecode.swift; path = Constants.swift; sourceTree = "<group>"; };
		7871481A268F13C5001CB255 /* BitcoinAPI.swift */ = {isa = PBXFileReference; lastKnownFileType = sourcecode.swift; path = BitcoinAPI.swift; sourceTree = "<group>"; };
		78817811269DB268003F18C1 /* UserAlerts.swift */ = {isa = PBXFileReference; lastKnownFileType = sourcecode.swift; path = UserAlerts.swift; sourceTree = "<group>"; };
		7881AD03268DF1D800C319CF /* BitCoinPredictor.app */ = {isa = PBXFileReference; explicitFileType = wrapper.application; includeInIndex = 0; path = BitCoinPredictor.app; sourceTree = BUILT_PRODUCTS_DIR; };
		7881AD06268DF1D800C319CF /* AppDelegate.swift */ = {isa = PBXFileReference; lastKnownFileType = sourcecode.swift; path = AppDelegate.swift; sourceTree = "<group>"; };
		7881AD08268DF1D800C319CF /* SceneDelegate.swift */ = {isa = PBXFileReference; lastKnownFileType = sourcecode.swift; path = SceneDelegate.swift; sourceTree = "<group>"; };
		7881AD0F268DF1DB00C319CF /* Assets.xcassets */ = {isa = PBXFileReference; lastKnownFileType = folder.assetcatalog; path = Assets.xcassets; sourceTree = "<group>"; };
		7881AD12268DF1DB00C319CF /* Base */ = {isa = PBXFileReference; lastKnownFileType = file.storyboard; name = Base; path = Base.lproj/LaunchScreen.storyboard; sourceTree = "<group>"; };
		7881AD14268DF1DB00C319CF /* Info.plist */ = {isa = PBXFileReference; lastKnownFileType = text.plist.xml; path = Info.plist; sourceTree = "<group>"; };
		7881AD19268DF1DB00C319CF /* BitCoinPredictorTests.xctest */ = {isa = PBXFileReference; explicitFileType = wrapper.cfbundle; includeInIndex = 0; path = BitCoinPredictorTests.xctest; sourceTree = BUILT_PRODUCTS_DIR; };
		7881AD1D268DF1DB00C319CF /* BitCoinPredictorTests.swift */ = {isa = PBXFileReference; lastKnownFileType = sourcecode.swift; path = BitCoinPredictorTests.swift; sourceTree = "<group>"; };
		7881AD1F268DF1DB00C319CF /* Info.plist */ = {isa = PBXFileReference; lastKnownFileType = text.plist.xml; path = Info.plist; sourceTree = "<group>"; };
		7881AD3B268DF55F00C319CF /* Main.storyboard */ = {isa = PBXFileReference; fileEncoding = 4; lastKnownFileType = file.storyboard; path = Main.storyboard; sourceTree = "<group>"; };
		7881AD3D268DF64800C319CF /* DateFormat.swift */ = {isa = PBXFileReference; fileEncoding = 4; lastKnownFileType = sourcecode.swift; path = DateFormat.swift; sourceTree = "<group>"; };
		7881AD3E268DF64900C319CF /* ComparisonViewController.swift */ = {isa = PBXFileReference; fileEncoding = 4; lastKnownFileType = sourcecode.swift; path = ComparisonViewController.swift; sourceTree = "<group>"; };
		7881AD3F268DF64900C319CF /* PredictViewController.swift */ = {isa = PBXFileReference; fileEncoding = 4; lastKnownFileType = sourcecode.swift; path = PredictViewController.swift; sourceTree = "<group>"; };
		7881AD40268DF64A00C319CF /* HomeViewController.swift */ = {isa = PBXFileReference; fileEncoding = 4; lastKnownFileType = sourcecode.swift; path = HomeViewController.swift; sourceTree = "<group>"; };
		7881AD47268DF65C00C319CF /* APIManager.swift */ = {isa = PBXFileReference; fileEncoding = 4; lastKnownFileType = sourcecode.swift; path = APIManager.swift; sourceTree = "<group>"; };
		7881AD48268DF65D00C319CF /* PriceList.swift */ = {isa = PBXFileReference; fileEncoding = 4; lastKnownFileType = sourcecode.swift; path = PriceList.swift; sourceTree = "<group>"; };
		7881AD4B268DF74100C319CF /* DatabaseManager.swift */ = {isa = PBXFileReference; lastKnownFileType = sourcecode.swift; path = DatabaseManager.swift; sourceTree = "<group>"; };
		7881AD4D268DFB4B00C319CF /* GoogleService-Info.plist */ = {isa = PBXFileReference; fileEncoding = 4; lastKnownFileType = text.plist.xml; path = "GoogleService-Info.plist"; sourceTree = "<group>"; };
		789F756A26A040D100A01183 /* NewsList.swift */ = {isa = PBXFileReference; lastKnownFileType = sourcecode.swift; path = NewsList.swift; sourceTree = "<group>"; };
		789F756C26A0472800A01183 /* NewsTableModel.swift */ = {isa = PBXFileReference; lastKnownFileType = sourcecode.swift; path = NewsTableModel.swift; sourceTree = "<group>"; };
		789F756E26A048A400A01183 /* PriceListModel.swift */ = {isa = PBXFileReference; lastKnownFileType = sourcecode.swift; path = PriceListModel.swift; sourceTree = "<group>"; };
		78C16B6226A0590900E49A9F /* PredictedPriceData.swift */ = {isa = PBXFileReference; lastKnownFileType = sourcecode.swift; path = PredictedPriceData.swift; sourceTree = "<group>"; };
		78C16B6426A0636000E49A9F /* WelcomeViewController.swift */ = {isa = PBXFileReference; lastKnownFileType = sourcecode.swift; path = WelcomeViewController.swift; sourceTree = "<group>"; };
		78C16B6626A0636E00E49A9F /* LoginViewController.swift */ = {isa = PBXFileReference; lastKnownFileType = sourcecode.swift; path = LoginViewController.swift; sourceTree = "<group>"; };
		78C16B6826A0637D00E49A9F /* RegisterViewController.swift */ = {isa = PBXFileReference; lastKnownFileType = sourcecode.swift; path = RegisterViewController.swift; sourceTree = "<group>"; };
		78E5146026A5F9B2004B9F71 /* HomeViewModel.swift */ = {isa = PBXFileReference; lastKnownFileType = sourcecode.swift; path = HomeViewModel.swift; sourceTree = "<group>"; };
		8C59E6CE50DADC690015015C /* Pods-BitCoinPredictorTests.debug.xcconfig */ = {isa = PBXFileReference; includeInIndex = 1; lastKnownFileType = text.xcconfig; name = "Pods-BitCoinPredictorTests.debug.xcconfig"; path = "Target Support Files/Pods-BitCoinPredictorTests/Pods-BitCoinPredictorTests.debug.xcconfig"; sourceTree = "<group>"; };
		9A316FA7044BB183FB301166 /* Pods-BitCoinPredictor-BitCoinPredictorUITests.debug.xcconfig */ = {isa = PBXFileReference; includeInIndex = 1; lastKnownFileType = text.xcconfig; name = "Pods-BitCoinPredictor-BitCoinPredictorUITests.debug.xcconfig"; path = "Target Support Files/Pods-BitCoinPredictor-BitCoinPredictorUITests/Pods-BitCoinPredictor-BitCoinPredictorUITests.debug.xcconfig"; sourceTree = "<group>"; };
		A49D3C207005686841615893 /* Pods-BitCoinPredictor-BitCoinPredictorUITests.release.xcconfig */ = {isa = PBXFileReference; includeInIndex = 1; lastKnownFileType = text.xcconfig; name = "Pods-BitCoinPredictor-BitCoinPredictorUITests.release.xcconfig"; path = "Target Support Files/Pods-BitCoinPredictor-BitCoinPredictorUITests/Pods-BitCoinPredictor-BitCoinPredictorUITests.release.xcconfig"; sourceTree = "<group>"; };
		BD5A9BC55B1E60B851BF05B3 /* Pods-BitCoinPredictor.release.xcconfig */ = {isa = PBXFileReference; includeInIndex = 1; lastKnownFileType = text.xcconfig; name = "Pods-BitCoinPredictor.release.xcconfig"; path = "Target Support Files/Pods-BitCoinPredictor/Pods-BitCoinPredictor.release.xcconfig"; sourceTree = "<group>"; };
		C2568784E3D81D7F5363B616 /* Pods_BitCoinPredictor.framework */ = {isa = PBXFileReference; explicitFileType = wrapper.framework; includeInIndex = 0; path = Pods_BitCoinPredictor.framework; sourceTree = BUILT_PRODUCTS_DIR; };
		CA5B16A562B6D2D4F4F60506 /* Pods-BitCoinPredictor.debug.xcconfig */ = {isa = PBXFileReference; includeInIndex = 1; lastKnownFileType = text.xcconfig; name = "Pods-BitCoinPredictor.debug.xcconfig"; path = "Target Support Files/Pods-BitCoinPredictor/Pods-BitCoinPredictor.debug.xcconfig"; sourceTree = "<group>"; };
		D66DEE2053D41596432E3E09 /* Pods_BitCoinPredictor_BitCoinPredictorUITests.framework */ = {isa = PBXFileReference; explicitFileType = wrapper.framework; includeInIndex = 0; path = Pods_BitCoinPredictor_BitCoinPredictorUITests.framework; sourceTree = BUILT_PRODUCTS_DIR; };
/* End PBXFileReference section */

/* Begin PBXFrameworksBuildPhase section */
		7881AD00268DF1D800C319CF /* Frameworks */ = {
			isa = PBXFrameworksBuildPhase;
			buildActionMask = 2147483647;
			files = (
				9BF1C014C11E191D29D0EC1F /* Pods_BitCoinPredictor.framework in Frameworks */,
			);
			runOnlyForDeploymentPostprocessing = 0;
		};
		7881AD16268DF1DB00C319CF /* Frameworks */ = {
			isa = PBXFrameworksBuildPhase;
			buildActionMask = 2147483647;
			files = (
				CFDAEADDDBE14873905DCB89 /* Pods_BitCoinPredictorTests.framework in Frameworks */,
			);
			runOnlyForDeploymentPostprocessing = 0;
		};
/* End PBXFrameworksBuildPhase section */

/* Begin PBXGroup section */
		4BEC464BA15715A93B422EFE /* Frameworks */ = {
			isa = PBXGroup;
			children = (
				C2568784E3D81D7F5363B616 /* Pods_BitCoinPredictor.framework */,
				D66DEE2053D41596432E3E09 /* Pods_BitCoinPredictor_BitCoinPredictorUITests.framework */,
				0339AEE8114E31AC939E1E59 /* Pods_BitCoinPredictorTests.framework */,
			);
			name = Frameworks;
			sourceTree = "<group>";
		};
		7881ACFA268DF1D800C319CF = {
			isa = PBXGroup;
			children = (
				7881AD05268DF1D800C319CF /* BitCoinPredictor */,
				7881AD1C268DF1DB00C319CF /* BitCoinPredictorTests */,
				7881AD04268DF1D800C319CF /* Products */,
				BF6AE6D8F83770EB68BFFF5F /* Pods */,
				4BEC464BA15715A93B422EFE /* Frameworks */,
			);
			sourceTree = "<group>";
		};
		7881AD04268DF1D800C319CF /* Products */ = {
			isa = PBXGroup;
			children = (
				7881AD03268DF1D800C319CF /* BitCoinPredictor.app */,
				7881AD19268DF1DB00C319CF /* BitCoinPredictorTests.xctest */,
			);
			name = Products;
			sourceTree = "<group>";
		};
		7881AD05268DF1D800C319CF /* BitCoinPredictor */ = {
			isa = PBXGroup;
			children = (
				789F756926A03B9900A01183 /* ViewModel */,
				7881AD3A268DF50200C319CF /* Controller */,
				7881AD39268DF4FB00C319CF /* View */,
				7881AD38268DF4F200C319CF /* Model */,
				7881AD06268DF1D800C319CF /* AppDelegate.swift */,
				7881AD4D268DFB4B00C319CF /* GoogleService-Info.plist */,
				7881AD08268DF1D800C319CF /* SceneDelegate.swift */,
				7881AD0F268DF1DB00C319CF /* Assets.xcassets */,
				7881AD11268DF1DB00C319CF /* LaunchScreen.storyboard */,
				7881AD14268DF1DB00C319CF /* Info.plist */,
			);
			path = BitCoinPredictor;
			sourceTree = "<group>";
		};
		7881AD1C268DF1DB00C319CF /* BitCoinPredictorTests */ = {
			isa = PBXGroup;
			children = (
				7881AD1D268DF1DB00C319CF /* BitCoinPredictorTests.swift */,
				7881AD1F268DF1DB00C319CF /* Info.plist */,
			);
			path = BitCoinPredictorTests;
			sourceTree = "<group>";
		};
		7881AD38268DF4F200C319CF /* Model */ = {
			isa = PBXGroup;
			children = (
				7881AD47268DF65C00C319CF /* APIManager.swift */,
				7881AD3D268DF64800C319CF /* DateFormat.swift */,
				78C16B6226A0590900E49A9F /* PredictedPriceData.swift */,
				7881AD4B268DF74100C319CF /* DatabaseManager.swift */,
				78817811269DB268003F18C1 /* UserAlerts.swift */,
				7881AD48268DF65D00C319CF /* PriceList.swift */,
				784B13C126985C4500453A1A /* Constants.swift */,
				789F756A26A040D100A01183 /* NewsList.swift */,
			);
			path = Model;
			sourceTree = "<group>";
		};
		7881AD39268DF4FB00C319CF /* View */ = {
			isa = PBXGroup;
			children = (
				780AB356269C7977003BD7C9 /* NewsTableViewCell.swift */,
				7881AD3B268DF55F00C319CF /* Main.storyboard */,
				780AB357269C7977003BD7C9 /* NewsTableViewCell.xib */,
				78C16B6426A0636000E49A9F /* WelcomeViewController.swift */,
			);
			path = View;
			sourceTree = "<group>";
		};
		7881AD3A268DF50200C319CF /* Controller */ = {
			isa = PBXGroup;
			children = (
				7881AD3E268DF64900C319CF /* ComparisonViewController.swift */,
				7881AD40268DF64A00C319CF /* HomeViewController.swift */,
				7881AD3F268DF64900C319CF /* PredictViewController.swift */,
				780AB34F269C5E1E003BD7C9 /* NewsTableViewController.swift */,
				78C16B6826A0637D00E49A9F /* RegisterViewController.swift */,
				78C16B6626A0636E00E49A9F /* LoginViewController.swift */,
			);
			path = Controller;
			sourceTree = "<group>";
		};
		789F756926A03B9900A01183 /* ViewModel */ = {
			isa = PBXGroup;
			children = (
				789F756C26A0472800A01183 /* NewsTableModel.swift */,
				789F756E26A048A400A01183 /* PriceListModel.swift */,
				78E5146026A5F9B2004B9F71 /* HomeViewModel.swift */,
				781796AE26A6CEF100413317 /* ComparisonViewModel.swift */,
				781796B026A6DF0000413317 /* PredictViewModel.swift */,
				7871481A268F13C5001CB255 /* BitcoinAPI.swift */,
			);
			path = ViewModel;
			sourceTree = "<group>";
		};
		BF6AE6D8F83770EB68BFFF5F /* Pods */ = {
			isa = PBXGroup;
			children = (
				CA5B16A562B6D2D4F4F60506 /* Pods-BitCoinPredictor.debug.xcconfig */,
				BD5A9BC55B1E60B851BF05B3 /* Pods-BitCoinPredictor.release.xcconfig */,
				9A316FA7044BB183FB301166 /* Pods-BitCoinPredictor-BitCoinPredictorUITests.debug.xcconfig */,
				A49D3C207005686841615893 /* Pods-BitCoinPredictor-BitCoinPredictorUITests.release.xcconfig */,
				8C59E6CE50DADC690015015C /* Pods-BitCoinPredictorTests.debug.xcconfig */,
				4B1525879CF42BCB68AE2EC3 /* Pods-BitCoinPredictorTests.release.xcconfig */,
			);
			path = Pods;
			sourceTree = "<group>";
		};
/* End PBXGroup section */

/* Begin PBXNativeTarget section */
		7881AD02268DF1D800C319CF /* BitCoinPredictor */ = {
			isa = PBXNativeTarget;
			buildConfigurationList = 7881AD2D268DF1DB00C319CF /* Build configuration list for PBXNativeTarget "BitCoinPredictor" */;
			buildPhases = (
				893E158392D46F61C36004D3 /* [CP] Check Pods Manifest.lock */,
				78746E8726A84BAB003CDD02 /* ShellScript */,
				7881ACFF268DF1D800C319CF /* Sources */,
				7881AD00268DF1D800C319CF /* Frameworks */,
				7881AD01268DF1D800C319CF /* Resources */,
				254064188F197E40F9DCCB34 /* [CP] Embed Pods Frameworks */,
			);
			buildRules = (
			);
			dependencies = (
			);
			name = BitCoinPredictor;
			productName = BitCoinPredictor;
			productReference = 7881AD03268DF1D800C319CF /* BitCoinPredictor.app */;
			productType = "com.apple.product-type.application";
		};
		7881AD18268DF1DB00C319CF /* BitCoinPredictorTests */ = {
			isa = PBXNativeTarget;
			buildConfigurationList = 7881AD30268DF1DB00C319CF /* Build configuration list for PBXNativeTarget "BitCoinPredictorTests" */;
			buildPhases = (
				48547F1DD8984398E521D530 /* [CP] Check Pods Manifest.lock */,
				7881AD15268DF1DB00C319CF /* Sources */,
				7881AD16268DF1DB00C319CF /* Frameworks */,
				7881AD17268DF1DB00C319CF /* Resources */,
			);
			buildRules = (
			);
			dependencies = (
				7881AD1B268DF1DB00C319CF /* PBXTargetDependency */,
			);
			name = BitCoinPredictorTests;
			productName = BitCoinPredictorTests;
			productReference = 7881AD19268DF1DB00C319CF /* BitCoinPredictorTests.xctest */;
			productType = "com.apple.product-type.bundle.unit-test";
		};
/* End PBXNativeTarget section */

/* Begin PBXProject section */
		7881ACFB268DF1D800C319CF /* Project object */ = {
			isa = PBXProject;
			attributes = {
				LastSwiftUpdateCheck = 1250;
				LastUpgradeCheck = 1250;
				TargetAttributes = {
					7881AD02268DF1D800C319CF = {
						CreatedOnToolsVersion = 12.5.1;
					};
					7881AD18268DF1DB00C319CF = {
						CreatedOnToolsVersion = 12.5.1;
						TestTargetID = 7881AD02268DF1D800C319CF;
					};
				};
			};
			buildConfigurationList = 7881ACFE268DF1D800C319CF /* Build configuration list for PBXProject "BitCoinPredictor" */;
			compatibilityVersion = "Xcode 9.3";
			developmentRegion = en;
			hasScannedForEncodings = 0;
			knownRegions = (
				en,
				Base,
			);
			mainGroup = 7881ACFA268DF1D800C319CF;
			productRefGroup = 7881AD04268DF1D800C319CF /* Products */;
			projectDirPath = "";
			projectRoot = "";
			targets = (
				7881AD02268DF1D800C319CF /* BitCoinPredictor */,
				7881AD18268DF1DB00C319CF /* BitCoinPredictorTests */,
			);
		};
/* End PBXProject section */

/* Begin PBXResourcesBuildPhase section */
		7881AD01268DF1D800C319CF /* Resources */ = {
			isa = PBXResourcesBuildPhase;
			buildActionMask = 2147483647;
			files = (
				7881AD13268DF1DB00C319CF /* LaunchScreen.storyboard in Resources */,
				7881AD4E268DFB4B00C319CF /* GoogleService-Info.plist in Resources */,
				780AB359269C7977003BD7C9 /* NewsTableViewCell.xib in Resources */,
				7881AD10268DF1DB00C319CF /* Assets.xcassets in Resources */,
				7881AD3C268DF55F00C319CF /* Main.storyboard in Resources */,
			);
			runOnlyForDeploymentPostprocessing = 0;
		};
		7881AD17268DF1DB00C319CF /* Resources */ = {
			isa = PBXResourcesBuildPhase;
			buildActionMask = 2147483647;
			files = (
			);
			runOnlyForDeploymentPostprocessing = 0;
		};
/* End PBXResourcesBuildPhase section */

/* Begin PBXShellScriptBuildPhase section */
		254064188F197E40F9DCCB34 /* [CP] Embed Pods Frameworks */ = {
			isa = PBXShellScriptBuildPhase;
			buildActionMask = 2147483647;
			files = (
			);
			inputFileListPaths = (
				"${PODS_ROOT}/Target Support Files/Pods-BitCoinPredictor/Pods-BitCoinPredictor-frameworks-${CONFIGURATION}-input-files.xcfilelist",
			);
			name = "[CP] Embed Pods Frameworks";
			outputFileListPaths = (
				"${PODS_ROOT}/Target Support Files/Pods-BitCoinPredictor/Pods-BitCoinPredictor-frameworks-${CONFIGURATION}-output-files.xcfilelist",
			);
			runOnlyForDeploymentPostprocessing = 0;
			shellPath = /bin/sh;
			shellScript = "\"${PODS_ROOT}/Target Support Files/Pods-BitCoinPredictor/Pods-BitCoinPredictor-frameworks.sh\"\n";
			showEnvVarsInLog = 0;
		};
		48547F1DD8984398E521D530 /* [CP] Check Pods Manifest.lock */ = {
			isa = PBXShellScriptBuildPhase;
			buildActionMask = 2147483647;
			files = (
			);
			inputFileListPaths = (
			);
			inputPaths = (
				"${PODS_PODFILE_DIR_PATH}/Podfile.lock",
				"${PODS_ROOT}/Manifest.lock",
			);
			name = "[CP] Check Pods Manifest.lock";
			outputFileListPaths = (
			);
			outputPaths = (
				"$(DERIVED_FILE_DIR)/Pods-BitCoinPredictorTests-checkManifestLockResult.txt",
			);
			runOnlyForDeploymentPostprocessing = 0;
			shellPath = /bin/sh;
			shellScript = "diff \"${PODS_PODFILE_DIR_PATH}/Podfile.lock\" \"${PODS_ROOT}/Manifest.lock\" > /dev/null\nif [ $? != 0 ] ; then\n    # print error to STDERR\n    echo \"error: The sandbox is not in sync with the Podfile.lock. Run 'pod install' or update your CocoaPods installation.\" >&2\n    exit 1\nfi\n# This output is used by Xcode 'outputs' to avoid re-running this script phase.\necho \"SUCCESS\" > \"${SCRIPT_OUTPUT_FILE_0}\"\n";
			showEnvVarsInLog = 0;
		};
		78746E8726A84BAB003CDD02 /* ShellScript */ = {
			isa = PBXShellScriptBuildPhase;
			buildActionMask = 2147483647;
			files = (
			);
			inputFileListPaths = (
			);
			inputPaths = (
			);
			outputFileListPaths = (
			);
			outputPaths = (
			);
			runOnlyForDeploymentPostprocessing = 0;
			shellPath = /bin/sh;
			shellScript = "if which swiftlint >/dev/null; then\n  swiftlint\nelse\n  echo \"warning: SwiftLint not installed, download from https://github.com/realm/SwiftLint\"\nfi\n";
		};
		893E158392D46F61C36004D3 /* [CP] Check Pods Manifest.lock */ = {
			isa = PBXShellScriptBuildPhase;
			buildActionMask = 2147483647;
			files = (
			);
			inputFileListPaths = (
			);
			inputPaths = (
				"${PODS_PODFILE_DIR_PATH}/Podfile.lock",
				"${PODS_ROOT}/Manifest.lock",
			);
			name = "[CP] Check Pods Manifest.lock";
			outputFileListPaths = (
			);
			outputPaths = (
				"$(DERIVED_FILE_DIR)/Pods-BitCoinPredictor-checkManifestLockResult.txt",
			);
			runOnlyForDeploymentPostprocessing = 0;
			shellPath = /bin/sh;
			shellScript = "diff \"${PODS_PODFILE_DIR_PATH}/Podfile.lock\" \"${PODS_ROOT}/Manifest.lock\" > /dev/null\nif [ $? != 0 ] ; then\n    # print error to STDERR\n    echo \"error: The sandbox is not in sync with the Podfile.lock. Run 'pod install' or update your CocoaPods installation.\" >&2\n    exit 1\nfi\n# This output is used by Xcode 'outputs' to avoid re-running this script phase.\necho \"SUCCESS\" > \"${SCRIPT_OUTPUT_FILE_0}\"\n";
			showEnvVarsInLog = 0;
		};
/* End PBXShellScriptBuildPhase section */

/* Begin PBXSourcesBuildPhase section */
		7881ACFF268DF1D800C319CF /* Sources */ = {
			isa = PBXSourcesBuildPhase;
			buildActionMask = 2147483647;
			files = (
				7871481B268F13C5001CB255 /* BitcoinAPI.swift in Sources */,
				78E5146126A5F9B2004B9F71 /* HomeViewModel.swift in Sources */,
				7881AD49268DF65D00C319CF /* APIManager.swift in Sources */,
				7881AD45268DF64B00C319CF /* HomeViewController.swift in Sources */,
				7881AD4C268DF74100C319CF /* DatabaseManager.swift in Sources */,
				7881AD44268DF64B00C319CF /* PredictViewController.swift in Sources */,
				789F756D26A0472800A01183 /* NewsTableModel.swift in Sources */,
				784B13C226985C4500453A1A /* Constants.swift in Sources */,
				781796B126A6DF0000413317 /* PredictViewModel.swift in Sources */,
				789F756B26A040D100A01183 /* NewsList.swift in Sources */,
				78C16B6726A0636E00E49A9F /* LoginViewController.swift in Sources */,
				78C16B6926A0637D00E49A9F /* RegisterViewController.swift in Sources */,
				780AB358269C7977003BD7C9 /* NewsTableViewCell.swift in Sources */,
				7881AD42268DF64B00C319CF /* DateFormat.swift in Sources */,
				78C16B6326A0590900E49A9F /* PredictedPriceData.swift in Sources */,
				7881AD07268DF1D800C319CF /* AppDelegate.swift in Sources */,
				789F756F26A048A400A01183 /* PriceListModel.swift in Sources */,
				78817812269DB268003F18C1 /* UserAlerts.swift in Sources */,
				7881AD09268DF1D800C319CF /* SceneDelegate.swift in Sources */,
				7881AD43268DF64B00C319CF /* ComparisonViewController.swift in Sources */,
				780AB350269C5E1E003BD7C9 /* NewsTableViewController.swift in Sources */,
				7881AD4A268DF65D00C319CF /* PriceList.swift in Sources */,
				781796AF26A6CEF100413317 /* ComparisonViewModel.swift in Sources */,
				78C16B6526A0636000E49A9F /* WelcomeViewController.swift in Sources */,
			);
			runOnlyForDeploymentPostprocessing = 0;
		};
		7881AD15268DF1DB00C319CF /* Sources */ = {
			isa = PBXSourcesBuildPhase;
			buildActionMask = 2147483647;
			files = (
				7881AD1E268DF1DB00C319CF /* BitCoinPredictorTests.swift in Sources */,
			);
			runOnlyForDeploymentPostprocessing = 0;
		};
/* End PBXSourcesBuildPhase section */

/* Begin PBXTargetDependency section */
		7881AD1B268DF1DB00C319CF /* PBXTargetDependency */ = {
			isa = PBXTargetDependency;
			target = 7881AD02268DF1D800C319CF /* BitCoinPredictor */;
			targetProxy = 7881AD1A268DF1DB00C319CF /* PBXContainerItemProxy */;
		};
/* End PBXTargetDependency section */

/* Begin PBXVariantGroup section */
		7881AD11268DF1DB00C319CF /* LaunchScreen.storyboard */ = {
			isa = PBXVariantGroup;
			children = (
				7881AD12268DF1DB00C319CF /* Base */,
			);
			name = LaunchScreen.storyboard;
			sourceTree = "<group>";
		};
/* End PBXVariantGroup section */

/* Begin XCBuildConfiguration section */
		7881AD2B268DF1DB00C319CF /* Debug */ = {
			isa = XCBuildConfiguration;
			buildSettings = {
				ALWAYS_SEARCH_USER_PATHS = NO;
				CLANG_ANALYZER_NONNULL = YES;
				CLANG_ANALYZER_NUMBER_OBJECT_CONVERSION = YES_AGGRESSIVE;
				CLANG_CXX_LANGUAGE_STANDARD = "gnu++14";
				CLANG_CXX_LIBRARY = "libc++";
				CLANG_ENABLE_MODULES = YES;
				CLANG_ENABLE_OBJC_ARC = YES;
				CLANG_ENABLE_OBJC_WEAK = YES;
				CLANG_WARN_BLOCK_CAPTURE_AUTORELEASING = YES;
				CLANG_WARN_BOOL_CONVERSION = YES;
				CLANG_WARN_COMMA = YES;
				CLANG_WARN_CONSTANT_CONVERSION = YES;
				CLANG_WARN_DEPRECATED_OBJC_IMPLEMENTATIONS = YES;
				CLANG_WARN_DIRECT_OBJC_ISA_USAGE = YES_ERROR;
				CLANG_WARN_DOCUMENTATION_COMMENTS = YES;
				CLANG_WARN_EMPTY_BODY = YES;
				CLANG_WARN_ENUM_CONVERSION = YES;
				CLANG_WARN_INFINITE_RECURSION = YES;
				CLANG_WARN_INT_CONVERSION = YES;
				CLANG_WARN_NON_LITERAL_NULL_CONVERSION = YES;
				CLANG_WARN_OBJC_IMPLICIT_RETAIN_SELF = YES;
				CLANG_WARN_OBJC_LITERAL_CONVERSION = YES;
				CLANG_WARN_OBJC_ROOT_CLASS = YES_ERROR;
				CLANG_WARN_QUOTED_INCLUDE_IN_FRAMEWORK_HEADER = YES;
				CLANG_WARN_RANGE_LOOP_ANALYSIS = YES;
				CLANG_WARN_STRICT_PROTOTYPES = YES;
				CLANG_WARN_SUSPICIOUS_MOVE = YES;
				CLANG_WARN_UNGUARDED_AVAILABILITY = YES_AGGRESSIVE;
				CLANG_WARN_UNREACHABLE_CODE = YES;
				CLANG_WARN__DUPLICATE_METHOD_MATCH = YES;
				COPY_PHASE_STRIP = NO;
				DEBUG_INFORMATION_FORMAT = dwarf;
				ENABLE_STRICT_OBJC_MSGSEND = YES;
				ENABLE_TESTABILITY = YES;
				GCC_C_LANGUAGE_STANDARD = gnu11;
				GCC_DYNAMIC_NO_PIC = NO;
				GCC_NO_COMMON_BLOCKS = YES;
				GCC_OPTIMIZATION_LEVEL = 0;
				GCC_PREPROCESSOR_DEFINITIONS = (
					"DEBUG=1",
					"$(inherited)",
				);
				GCC_WARN_64_TO_32_BIT_CONVERSION = YES;
				GCC_WARN_ABOUT_RETURN_TYPE = YES_ERROR;
				GCC_WARN_UNDECLARED_SELECTOR = YES;
				GCC_WARN_UNINITIALIZED_AUTOS = YES_AGGRESSIVE;
				GCC_WARN_UNUSED_FUNCTION = YES;
				GCC_WARN_UNUSED_VARIABLE = YES;
				IPHONEOS_DEPLOYMENT_TARGET = 14.3;
				MTL_ENABLE_DEBUG_INFO = INCLUDE_SOURCE;
				MTL_FAST_MATH = YES;
				ONLY_ACTIVE_ARCH = YES;
				SDKROOT = iphoneos;
				SWIFT_ACTIVE_COMPILATION_CONDITIONS = DEBUG;
				SWIFT_OPTIMIZATION_LEVEL = "-Onone";
				TARGETED_DEVICE_FAMILY = "";
			};
			name = Debug;
		};
		7881AD2C268DF1DB00C319CF /* Release */ = {
			isa = XCBuildConfiguration;
			buildSettings = {
				ALWAYS_SEARCH_USER_PATHS = NO;
				CLANG_ANALYZER_NONNULL = YES;
				CLANG_ANALYZER_NUMBER_OBJECT_CONVERSION = YES_AGGRESSIVE;
				CLANG_CXX_LANGUAGE_STANDARD = "gnu++14";
				CLANG_CXX_LIBRARY = "libc++";
				CLANG_ENABLE_MODULES = YES;
				CLANG_ENABLE_OBJC_ARC = YES;
				CLANG_ENABLE_OBJC_WEAK = YES;
				CLANG_WARN_BLOCK_CAPTURE_AUTORELEASING = YES;
				CLANG_WARN_BOOL_CONVERSION = YES;
				CLANG_WARN_COMMA = YES;
				CLANG_WARN_CONSTANT_CONVERSION = YES;
				CLANG_WARN_DEPRECATED_OBJC_IMPLEMENTATIONS = YES;
				CLANG_WARN_DIRECT_OBJC_ISA_USAGE = YES_ERROR;
				CLANG_WARN_DOCUMENTATION_COMMENTS = YES;
				CLANG_WARN_EMPTY_BODY = YES;
				CLANG_WARN_ENUM_CONVERSION = YES;
				CLANG_WARN_INFINITE_RECURSION = YES;
				CLANG_WARN_INT_CONVERSION = YES;
				CLANG_WARN_NON_LITERAL_NULL_CONVERSION = YES;
				CLANG_WARN_OBJC_IMPLICIT_RETAIN_SELF = YES;
				CLANG_WARN_OBJC_LITERAL_CONVERSION = YES;
				CLANG_WARN_OBJC_ROOT_CLASS = YES_ERROR;
				CLANG_WARN_QUOTED_INCLUDE_IN_FRAMEWORK_HEADER = YES;
				CLANG_WARN_RANGE_LOOP_ANALYSIS = YES;
				CLANG_WARN_STRICT_PROTOTYPES = YES;
				CLANG_WARN_SUSPICIOUS_MOVE = YES;
				CLANG_WARN_UNGUARDED_AVAILABILITY = YES_AGGRESSIVE;
				CLANG_WARN_UNREACHABLE_CODE = YES;
				CLANG_WARN__DUPLICATE_METHOD_MATCH = YES;
				COPY_PHASE_STRIP = NO;
				DEBUG_INFORMATION_FORMAT = "dwarf-with-dsym";
				ENABLE_NS_ASSERTIONS = NO;
				ENABLE_STRICT_OBJC_MSGSEND = YES;
				GCC_C_LANGUAGE_STANDARD = gnu11;
				GCC_NO_COMMON_BLOCKS = YES;
				GCC_WARN_64_TO_32_BIT_CONVERSION = YES;
				GCC_WARN_ABOUT_RETURN_TYPE = YES_ERROR;
				GCC_WARN_UNDECLARED_SELECTOR = YES;
				GCC_WARN_UNINITIALIZED_AUTOS = YES_AGGRESSIVE;
				GCC_WARN_UNUSED_FUNCTION = YES;
				GCC_WARN_UNUSED_VARIABLE = YES;
				IPHONEOS_DEPLOYMENT_TARGET = 14.3;
				MTL_ENABLE_DEBUG_INFO = NO;
				MTL_FAST_MATH = YES;
				SDKROOT = iphoneos;
				SWIFT_COMPILATION_MODE = wholemodule;
				SWIFT_OPTIMIZATION_LEVEL = "-O";
				TARGETED_DEVICE_FAMILY = "";
				VALIDATE_PRODUCT = YES;
			};
			name = Release;
		};
		7881AD2E268DF1DB00C319CF /* Debug */ = {
			isa = XCBuildConfiguration;
			baseConfigurationReference = CA5B16A562B6D2D4F4F60506 /* Pods-BitCoinPredictor.debug.xcconfig */;
			buildSettings = {
				ASSETCATALOG_COMPILER_APPICON_NAME = AppIcon;
				ASSETCATALOG_COMPILER_GLOBAL_ACCENT_COLOR_NAME = AccentColor;
				CODE_SIGN_STYLE = Automatic;
				DEVELOPMENT_TEAM = UKH67U3TZ4;
				INFOPLIST_FILE = BitCoinPredictor/Info.plist;
				IPHONEOS_DEPLOYMENT_TARGET = 14.3;
				LD_RUNPATH_SEARCH_PATHS = (
					"$(inherited)",
					"@executable_path/Frameworks",
				);
				PRODUCT_BUNDLE_IDENTIFIER = com.VincentCompany.BitCoinPredictor;
				PRODUCT_NAME = "$(TARGET_NAME)";
				SWIFT_VERSION = 5.0;
				TARGETED_DEVICE_FAMILY = "1,2";
			};
			name = Debug;
		};
		7881AD2F268DF1DB00C319CF /* Release */ = {
			isa = XCBuildConfiguration;
			baseConfigurationReference = BD5A9BC55B1E60B851BF05B3 /* Pods-BitCoinPredictor.release.xcconfig */;
			buildSettings = {
				ASSETCATALOG_COMPILER_APPICON_NAME = AppIcon;
				ASSETCATALOG_COMPILER_GLOBAL_ACCENT_COLOR_NAME = AccentColor;
				CODE_SIGN_STYLE = Automatic;
				DEVELOPMENT_TEAM = UKH67U3TZ4;
				INFOPLIST_FILE = BitCoinPredictor/Info.plist;
				IPHONEOS_DEPLOYMENT_TARGET = 14.3;
				LD_RUNPATH_SEARCH_PATHS = (
					"$(inherited)",
					"@executable_path/Frameworks",
				);
				PRODUCT_BUNDLE_IDENTIFIER = com.VincentCompany.BitCoinPredictor;
				PRODUCT_NAME = "$(TARGET_NAME)";
				SWIFT_VERSION = 5.0;
				TARGETED_DEVICE_FAMILY = "1,2";
			};
			name = Release;
		};
		7881AD31268DF1DB00C319CF /* Debug */ = {
			isa = XCBuildConfiguration;
			baseConfigurationReference = 8C59E6CE50DADC690015015C /* Pods-BitCoinPredictorTests.debug.xcconfig */;
			buildSettings = {
				ALWAYS_EMBED_SWIFT_STANDARD_LIBRARIES = YES;
				BUNDLE_LOADER = "$(TEST_HOST)";
				CODE_SIGN_STYLE = Automatic;
				DEVELOPMENT_TEAM = UKH67U3TZ4;
				INFOPLIST_FILE = BitCoinPredictorTests/Info.plist;
				IPHONEOS_DEPLOYMENT_TARGET = 14.3;
				LD_RUNPATH_SEARCH_PATHS = (
					"$(inherited)",
					"@executable_path/Frameworks",
					"@loader_path/Frameworks",
				);
				PRODUCT_BUNDLE_IDENTIFIER = com.VincentCompany.BitCoinPredictorTests;
				PRODUCT_NAME = "$(TARGET_NAME)";
				SWIFT_VERSION = 5.0;
				TARGETED_DEVICE_FAMILY = "1,2";
				TEST_HOST = "$(BUILT_PRODUCTS_DIR)/BitCoinPredictor.app/BitCoinPredictor";
			};
			name = Debug;
		};
		7881AD32268DF1DB00C319CF /* Release */ = {
			isa = XCBuildConfiguration;
			baseConfigurationReference = 4B1525879CF42BCB68AE2EC3 /* Pods-BitCoinPredictorTests.release.xcconfig */;
			buildSettings = {
				ALWAYS_EMBED_SWIFT_STANDARD_LIBRARIES = YES;
				BUNDLE_LOADER = "$(TEST_HOST)";
				CODE_SIGN_STYLE = Automatic;
				DEVELOPMENT_TEAM = UKH67U3TZ4;
				INFOPLIST_FILE = BitCoinPredictorTests/Info.plist;
				IPHONEOS_DEPLOYMENT_TARGET = 14.3;
				LD_RUNPATH_SEARCH_PATHS = (
					"$(inherited)",
					"@executable_path/Frameworks",
					"@loader_path/Frameworks",
				);
				PRODUCT_BUNDLE_IDENTIFIER = com.VincentCompany.BitCoinPredictorTests;
				PRODUCT_NAME = "$(TARGET_NAME)";
				SWIFT_VERSION = 5.0;
				TARGETED_DEVICE_FAMILY = "1,2";
				TEST_HOST = "$(BUILT_PRODUCTS_DIR)/BitCoinPredictor.app/BitCoinPredictor";
			};
			name = Release;
		};
/* End XCBuildConfiguration section */

/* Begin XCConfigurationList section */
		7881ACFE268DF1D800C319CF /* Build configuration list for PBXProject "BitCoinPredictor" */ = {
			isa = XCConfigurationList;
			buildConfigurations = (
				7881AD2B268DF1DB00C319CF /* Debug */,
				7881AD2C268DF1DB00C319CF /* Release */,
			);
			defaultConfigurationIsVisible = 0;
			defaultConfigurationName = Release;
		};
		7881AD2D268DF1DB00C319CF /* Build configuration list for PBXNativeTarget "BitCoinPredictor" */ = {
			isa = XCConfigurationList;
			buildConfigurations = (
				7881AD2E268DF1DB00C319CF /* Debug */,
				7881AD2F268DF1DB00C319CF /* Release */,
			);
			defaultConfigurationIsVisible = 0;
			defaultConfigurationName = Release;
		};
		7881AD30268DF1DB00C319CF /* Build configuration list for PBXNativeTarget "BitCoinPredictorTests" */ = {
			isa = XCConfigurationList;
			buildConfigurations = (
				7881AD31268DF1DB00C319CF /* Debug */,
				7881AD32268DF1DB00C319CF /* Release */,
			);
			defaultConfigurationIsVisible = 0;
			defaultConfigurationName = Release;
		};
/* End XCConfigurationList section */
	};
	rootObject = 7881ACFB268DF1D800C319CF /* Project object */;
}
